{
  "nodes": {
    "home-manager": {
      "inputs": {
        "nixpkgs": [
          "nixpkgs"
        ]
      },
      "locked": {
        "lastModified": 1746287478,
        "narHash": "sha256-z3HiHR2CNAdwyZTWPM2kkzhE1gD1G6ExPxkaiQfNh7s=",
        "owner": "nix-community",
        "repo": "home-manager",
        "rev": "75268f62525920c4936404a056f37b91e299c97e",
        "type": "github"
      },
      "original": {
        "owner": "nix-community",
        "repo": "home-manager",
        "type": "github"
      }
    },
    "nixCats": {
      "inputs": {
        "nixCats": "nixCats_2",
        "nixpkgs": [
          "nixpkgs"
        ]
      },
      "locked": {
        "path": "./programs/nvim",
        "type": "path"
      },
      "original": {
        "path": "./programs/nvim",
        "type": "path"
      },
      "parent": []
    },
    "nixCats_2": {
      "locked": {
        "lastModified": 1745981575,
        "narHash": "sha256-Q9PevfxZeO47fBd5ptGA4f+xJ8iC8jF/hsEVhRIOofo=",
        "owner": "BirdeeHub",
        "repo": "nixCats-nvim",
        "rev": "4cdecb9f07973fc0fe2d069d153bc9344db36791",
        "type": "github"
      },
      "original": {
        "owner": "BirdeeHub",
        "repo": "nixCats-nvim",
        "type": "github"
      }
    },
    "nixpkgs": {
      "locked": {
        "lastModified": 1745526057,
        "narHash": "sha256-ITSpPDwvLBZBnPRS2bUcHY3gZSwis/uTe255QgMtTLA=",
        "owner": "nixos",
        "repo": "nixpkgs",
        "rev": "f771eb401a46846c1aebd20552521b233dd7e18b",
        "type": "github"
      },
      "original": {
        "owner": "nixos",
        "ref": "nixos-unstable",
        "repo": "nixpkgs",
        "type": "github"
      }
    },
    "nvchad-starter": {
      "flake": false,
      "locked": {
        "lastModified": 1744683935,
        "narHash": "sha256-3ev7kaDwFW9llqdnXUAKnSgXIhQlsipxVkyNNYZFzJg=",
        "owner": "NvChad",
        "repo": "starter",
        "rev": "85404dcb03bda6badc55cec998b3bdbe76b81138",
        "type": "github"
      },
      "original": {
        "owner": "NvChad",
        "ref": "main",
        "repo": "starter",
        "type": "github"
      }
    },
    "nvchad4nix": {
      "inputs": {
        "nixpkgs": [
          "nixpkgs"
        ],
        "nvchad-starter": "nvchad-starter"
      },
      "locked": {
        "lastModified": 1746247817,
        "narHash": "sha256-hR06P/nUU9k8TBxUZKsB+bcoOezwPLtl1wAQR1fI/h8=",
        "owner": "nix-community",
        "repo": "nix4nvchad",
        "rev": "2cb73aa0abd24f0199fd94de339357fc7438a83a",
        "type": "github"
      },
      "original": {
        "owner": "nix-community",
        "repo": "nix4nvchad",
        "type": "github"
      }
    },
    "root": {
      "inputs": {
        "home-manager": "home-manager",
        "nixCats": "nixCats",
        "nixpkgs": "nixpkgs",
        "nvchad4nix": "nvchad4nix"
      }
    }
  },
  "root": "root",
  "version": 7
}
